{
  "name": "mediaruntime-node-quickstart",
  "version": "1.0.0",
  "lockfileVersion": 3,
  "requires": true,
  "packages": {
    "": {
      "name": "mediaruntime-node-quickstart",
      "version": "1.0.0",
      "dependencies": {
        "@mediaruntime/node": "^1.2.0"
      },
      "engines": {
        "node": ">=22"
      }
    },
    "node_modules/@mediaruntime/node": {
      "version": "1.2.0",
      "resolved": "https://registry.npmjs.org/@mediaruntime/node/-/node-1.2.0.tgz",
      "integrity": "sha512-/A4EuplzmF0W7+pyXh9kiZI0FmoKRwBN6Z/TUmkdmeO/cB4dMY4DmoNXpheGkx+XMdVoXqZ0e3Lmv3/+ZzVSFw==",
      "engines": {
        "node": ">=22.0.0"
      }
    }
  }
}
