{
  "name": "mediaruntime-node-quickstart",
  "version": "1.0.0",
  "lockfileVersion": 3,
  "requires": true,
  "packages": {
    "": {
      "name": "mediaruntime-node-quickstart",
      "version": "1.0.0",
      "dependencies": {
        "@mediaruntime/node": "^1.3.0"
      },
      "engines": {
        "node": ">=22"
      }
    },
    "node_modules/@mediaruntime/node": {
      "version": "1.3.0",
      "resolved": "https://registry.npmjs.org/@mediaruntime/node/-/node-1.3.0.tgz",
      "integrity": "sha512-UFoPMtOBgZ6ZRH7MGXpMFeWyB6cLVz7Q/XZjt+6sE4nf8t02YXnWETf6X14gpB7vS0qWNiTDNATaeSPtI+WhuA==",
      "license": "MIT",
      "engines": {
        "node": ">=22.0.0"
      }
    }
  }
}
